{
  "version": 4,
  "terraform_version": "1.5.5",
  "serial": 188,
  "lineage": "f64c86e3-cbcf-dc8e-8a9f-9d237a7c37c5",
  "outputs": {
    "efs_id-1": {
      "value": "fs-0b870f87a44595164",
      "type": "string"
    },
    "efs_id-2": {
      "value": "fs-073b250e348f9b134",
      "type": "string"
    },
    "efs_id-3": {
      "value": "fs-0302c4c0f6c5e69ce",
      "type": "string"
    },
    "secret_manager_arn": {
      "value": "arn:aws:secretsmanager:us-east-1:368625415100:secret:my-eks-secret-cW0AcX",
      "type": "string"
    }
  },
  "resources": [
    {
      "mode": "managed",
      "type": "aws_internet_gateway",
      "name": "my-igw",
      "provider": "provider[\"registry.terraform.io/hashicorp/aws\"]",
      "instances": [
        {
          "schema_version": 0,
          "attributes": {
            "arn": "arn:aws:ec2:us-east-1:368625415100:internet-gateway/igw-024bfb6052c1e0dc9",
            "id": "igw-024bfb6052c1e0dc9",
            "owner_id": "368625415100",
            "tags": {
              "Name": "my-igw"
            },
            "tags_all": {
              "Name": "my-igw"
            },
            "timeouts": null,
            "vpc_id": "vpc-007380a502ba4d1b0"
          },
          "sensitive_attributes": [],
          "private": "eyJlMmJmYjczMC1lY2FhLTExZTYtOGY4OC0zNDM2M2JjN2M0YzAiOnsiY3JlYXRlIjoxMjAwMDAwMDAwMDAwLCJkZWxldGUiOjEyMDAwMDAwMDAwMDAsInVwZGF0ZSI6MTIwMDAwMDAwMDAwMH19",
          "dependencies": [
            "aws_vpc.vpc"
          ]
        }
      ]
    },
    {
      "mode": "managed",
      "type": "aws_route_table",
      "name": "my-rt",
      "provider": "provider[\"registry.terraform.io/hashicorp/aws\"]",
      "instances": [
        {
          "schema_version": 0,
          "attributes": {
            "arn": "arn:aws:ec2:us-east-1:368625415100:route-table/rtb-05752bc61cbae9dfa",
            "id": "rtb-05752bc61cbae9dfa",
            "owner_id": "368625415100",
            "propagating_vgws": [],
            "route": [
              {
                "carrier_gateway_id": "",
                "cidr_block": "0.0.0.0/0",
                "core_network_arn": "",
                "destination_prefix_list_id": "",
                "egress_only_gateway_id": "",
                "gateway_id": "igw-024bfb6052c1e0dc9",
                "ipv6_cidr_block": "",
                "local_gateway_id": "",
                "nat_gateway_id": "",
                "network_interface_id": "",
                "transit_gateway_id": "",
                "vpc_endpoint_id": "",
                "vpc_peering_connection_id": ""
              }
            ],
            "tags": {
              "Name": "my-rt"
            },
            "tags_all": {
              "Name": "my-rt"
            },
            "timeouts": null,
            "vpc_id": "vpc-007380a502ba4d1b0"
          },
          "sensitive_attributes": [],
          "private": "eyJlMmJmYjczMC1lY2FhLTExZTYtOGY4OC0zNDM2M2JjN2M0YzAiOnsiY3JlYXRlIjozMDAwMDAwMDAwMDAsImRlbGV0ZSI6MzAwMDAwMDAwMDAwLCJ1cGRhdGUiOjEyMDAwMDAwMDAwMH19",
          "dependencies": [
            "aws_internet_gateway.my-igw",
            "aws_vpc.vpc"
          ]
        }
      ]
    },
    {
      "mode": "managed",
      "type": "aws_route_table_association",
      "name": "my-rt-assoc-1",
      "provider": "provider[\"registry.terraform.io/hashicorp/aws\"]",
      "instances": [
        {
          "schema_version": 0,
          "attributes": {
            "gateway_id": "",
            "id": "rtbassoc-081ad7bf87295fc6a",
            "route_table_id": "rtb-05752bc61cbae9dfa",
            "subnet_id": "subnet-06dcedb6e3868fc2b",
            "timeouts": null
          },
          "sensitive_attributes": [],
          "private": "eyJlMmJmYjczMC1lY2FhLTExZTYtOGY4OC0zNDM2M2JjN2M0YzAiOnsiY3JlYXRlIjozMDAwMDAwMDAwMDAsImRlbGV0ZSI6MzAwMDAwMDAwMDAwLCJ1cGRhdGUiOjEyMDAwMDAwMDAwMH19",
          "dependencies": [
            "aws_internet_gateway.my-igw",
            "aws_route_table.my-rt",
            "aws_subnet.subnet-1",
            "aws_vpc.vpc"
          ]
        }
      ]
    },
    {
      "mode": "managed",
      "type": "aws_route_table_association",
      "name": "my-rt-assoc-2",
      "provider": "provider[\"registry.terraform.io/hashicorp/aws\"]",
      "instances": [
        {
          "schema_version": 0,
          "attributes": {
            "gateway_id": "",
            "id": "rtbassoc-0bef01344fc583493",
            "route_table_id": "rtb-05752bc61cbae9dfa",
            "subnet_id": "subnet-01ff0dd5e493c55fa",
            "timeouts": null
          },
          "sensitive_attributes": [],
          "private": "eyJlMmJmYjczMC1lY2FhLTExZTYtOGY4OC0zNDM2M2JjN2M0YzAiOnsiY3JlYXRlIjozMDAwMDAwMDAwMDAsImRlbGV0ZSI6MzAwMDAwMDAwMDAwLCJ1cGRhdGUiOjEyMDAwMDAwMDAwMH19",
          "dependencies": [
            "aws_internet_gateway.my-igw",
            "aws_route_table.my-rt",
            "aws_subnet.subnet-2",
            "aws_vpc.vpc"
          ]
        }
      ]
    },
    {
      "mode": "managed",
      "type": "aws_security_group",
      "name": "sg",
      "provider": "provider[\"registry.terraform.io/hashicorp/aws\"]",
      "instances": [
        {
          "schema_version": 1,
          "attributes": {
            "arn": "arn:aws:ec2:us-east-1:368625415100:security-group/sg-02317267075dd901f",
            "description": "Allow SSH and HTTP inbound traffic",
            "egress": [
              {
                "cidr_blocks": [
                  "0.0.0.0/0"
                ],
                "description": "Allow all outbound traffic",
                "from_port": 0,
                "ipv6_cidr_blocks": [],
                "prefix_list_ids": [],
                "protocol": "-1",
                "security_groups": [],
                "self": false,
                "to_port": 0
              }
            ],
            "id": "sg-02317267075dd901f",
            "ingress": [
              {
                "cidr_blocks": [
                  "0.0.0.0/0"
                ],
                "description": "SSH from VPC",
                "from_port": 22,
                "ipv6_cidr_blocks": [],
                "prefix_list_ids": [],
                "protocol": "tcp",
                "security_groups": [],
                "self": false,
                "to_port": 22
              }
            ],
            "name": "security-group-1",
            "name_prefix": "",
            "owner_id": "368625415100",
            "revoke_rules_on_delete": false,
            "tags": {
              "Name": "my-sg-1"
            },
            "tags_all": {
              "Name": "my-sg-1"
            },
            "timeouts": null,
            "vpc_id": "vpc-007380a502ba4d1b0"
          },
          "sensitive_attributes": [],
          "private": "eyJlMmJmYjczMC1lY2FhLTExZTYtOGY4OC0zNDM2M2JjN2M0YzAiOnsiY3JlYXRlIjo2MDAwMDAwMDAwMDAsImRlbGV0ZSI6OTAwMDAwMDAwMDAwfSwic2NoZW1hX3ZlcnNpb24iOiIxIn0=",
          "dependencies": [
            "aws_vpc.vpc"
          ]
        }
      ]
    },
    {
      "mode": "managed",
      "type": "aws_subnet",
      "name": "subnet-1",
      "provider": "provider[\"registry.terraform.io/hashicorp/aws\"]",
      "instances": [
        {
          "schema_version": 1,
          "attributes": {
            "arn": "arn:aws:ec2:us-east-1:368625415100:subnet/subnet-06dcedb6e3868fc2b",
            "assign_ipv6_address_on_creation": false,
            "availability_zone": "us-east-1a",
            "availability_zone_id": "use1-az1",
            "cidr_block": "10.0.1.0/24",
            "customer_owned_ipv4_pool": "",
            "enable_dns64": false,
            "enable_lni_at_device_index": 0,
            "enable_resource_name_dns_a_record_on_launch": false,
            "enable_resource_name_dns_aaaa_record_on_launch": false,
            "id": "subnet-06dcedb6e3868fc2b",
            "ipv6_cidr_block": "",
            "ipv6_cidr_block_association_id": "",
            "ipv6_native": false,
            "map_customer_owned_ip_on_launch": false,
            "map_public_ip_on_launch": true,
            "outpost_arn": "",
            "owner_id": "368625415100",
            "private_dns_hostname_type_on_launch": "ip-name",
            "tags": {
              "Name": "subnet-1"
            },
            "tags_all": {
              "Name": "subnet-1"
            },
            "timeouts": null,
            "vpc_id": "vpc-007380a502ba4d1b0"
          },
          "sensitive_attributes": [],
          "private": "eyJlMmJmYjczMC1lY2FhLTExZTYtOGY4OC0zNDM2M2JjN2M0YzAiOnsiY3JlYXRlIjo2MDAwMDAwMDAwMDAsImRlbGV0ZSI6MTIwMDAwMDAwMDAwMH0sInNjaGVtYV92ZXJzaW9uIjoiMSJ9",
          "dependencies": [
            "aws_vpc.vpc"
          ]
        }
      ]
    },
    {
      "mode": "managed",
      "type": "aws_subnet",
      "name": "subnet-2",
      "provider": "provider[\"registry.terraform.io/hashicorp/aws\"]",
      "instances": [
        {
          "schema_version": 1,
          "attributes": {
            "arn": "arn:aws:ec2:us-east-1:368625415100:subnet/subnet-01ff0dd5e493c55fa",
            "assign_ipv6_address_on_creation": false,
            "availability_zone": "us-east-1b",
            "availability_zone_id": "use1-az2",
            "cidr_block": "10.0.3.0/24",
            "customer_owned_ipv4_pool": "",
            "enable_dns64": false,
            "enable_lni_at_device_index": 0,
            "enable_resource_name_dns_a_record_on_launch": false,
            "enable_resource_name_dns_aaaa_record_on_launch": false,
            "id": "subnet-01ff0dd5e493c55fa",
            "ipv6_cidr_block": "",
            "ipv6_cidr_block_association_id": "",
            "ipv6_native": false,
            "map_customer_owned_ip_on_launch": false,
            "map_public_ip_on_launch": true,
            "outpost_arn": "",
            "owner_id": "368625415100",
            "private_dns_hostname_type_on_launch": "ip-name",
            "tags": {
              "Name": "subnet-2"
            },
            "tags_all": {
              "Name": "subnet-2"
            },
            "timeouts": null,
            "vpc_id": "vpc-007380a502ba4d1b0"
          },
          "sensitive_attributes": [],
          "private": "eyJlMmJmYjczMC1lY2FhLTExZTYtOGY4OC0zNDM2M2JjN2M0YzAiOnsiY3JlYXRlIjo2MDAwMDAwMDAwMDAsImRlbGV0ZSI6MTIwMDAwMDAwMDAwMH0sInNjaGVtYV92ZXJzaW9uIjoiMSJ9",
          "dependencies": [
            "aws_vpc.vpc"
          ]
        }
      ]
    },
    {
      "mode": "managed",
      "type": "aws_vpc",
      "name": "vpc",
      "provider": "provider[\"registry.terraform.io/hashicorp/aws\"]",
      "instances": [
        {
          "schema_version": 1,
          "attributes": {
            "arn": "arn:aws:ec2:us-east-1:368625415100:vpc/vpc-007380a502ba4d1b0",
            "assign_generated_ipv6_cidr_block": false,
            "cidr_block": "10.0.0.0/16",
            "default_network_acl_id": "acl-0dff0bf8859508cd2",
            "default_route_table_id": "rtb-052fcae59a0469145",
            "default_security_group_id": "sg-0c5b20df2d1df2e91",
            "dhcp_options_id": "dopt-068c452fad2b7f637",
            "enable_dns_hostnames": false,
            "enable_dns_support": true,
            "enable_network_address_usage_metrics": false,
            "id": "vpc-007380a502ba4d1b0",
            "instance_tenancy": "default",
            "ipv4_ipam_pool_id": null,
            "ipv4_netmask_length": null,
            "ipv6_association_id": "",
            "ipv6_cidr_block": "",
            "ipv6_cidr_block_network_border_group": "",
            "ipv6_ipam_pool_id": "",
            "ipv6_netmask_length": 0,
            "main_route_table_id": "rtb-052fcae59a0469145",
            "owner_id": "368625415100",
            "tags": {},
            "tags_all": {}
          },
          "sensitive_attributes": [],
          "private": "eyJzY2hlbWFfdmVyc2lvbiI6IjEifQ=="
        }
      ]
    },
    {
      "module": "module.efs",
      "mode": "managed",
      "type": "aws_efs_file_system",
      "name": "efs-1",
      "provider": "provider[\"registry.terraform.io/hashicorp/aws\"]",
      "instances": [
        {
          "schema_version": 0,
          "attributes": {
            "arn": "arn:aws:elasticfilesystem:us-east-1:368625415100:file-system/fs-0b870f87a44595164",
            "availability_zone_id": "",
            "availability_zone_name": "",
            "creation_token": "eks-efs-1",
            "dns_name": "fs-0b870f87a44595164.efs.us-east-1.amazonaws.com",
            "encrypted": true,
            "id": "fs-0b870f87a44595164",
            "kms_key_id": "arn:aws:kms:us-east-1:368625415100:key/37dbc308-6f8d-45f4-9518-97c677162ce3",
            "lifecycle_policy": [],
            "name": "eks-efs-1",
            "number_of_mount_targets": 0,
            "owner_id": "368625415100",
            "performance_mode": "generalPurpose",
            "provisioned_throughput_in_mibps": 0,
            "size_in_bytes": [
              {
                "value": 6144,
                "value_in_ia": 0,
                "value_in_standard": 6144
              }
            ],
            "tags": {
              "Name": "eks-efs-1"
            },
            "tags_all": {
              "Name": "eks-efs-1"
            },
            "throughput_mode": "bursting"
          },
          "sensitive_attributes": [],
          "private": "bnVsbA=="
        }
      ]
    },
    {
      "module": "module.efs",
      "mode": "managed",
      "type": "aws_efs_file_system",
      "name": "efs-2",
      "provider": "provider[\"registry.terraform.io/hashicorp/aws\"]",
      "instances": [
        {
          "schema_version": 0,
          "attributes": {
            "arn": "arn:aws:elasticfilesystem:us-east-1:368625415100:file-system/fs-073b250e348f9b134",
            "availability_zone_id": "",
            "availability_zone_name": "",
            "creation_token": "eks-efs-2",
            "dns_name": "fs-073b250e348f9b134.efs.us-east-1.amazonaws.com",
            "encrypted": true,
            "id": "fs-073b250e348f9b134",
            "kms_key_id": "arn:aws:kms:us-east-1:368625415100:key/37dbc308-6f8d-45f4-9518-97c677162ce3",
            "lifecycle_policy": [],
            "name": "eks-efs-2",
            "number_of_mount_targets": 0,
            "owner_id": "368625415100",
            "performance_mode": "generalPurpose",
            "provisioned_throughput_in_mibps": 0,
            "size_in_bytes": [
              {
                "value": 6144,
                "value_in_ia": 0,
                "value_in_standard": 6144
              }
            ],
            "tags": {
              "Name": "eks-efs-2"
            },
            "tags_all": {
              "Name": "eks-efs-2"
            },
            "throughput_mode": "bursting"
          },
          "sensitive_attributes": [],
          "private": "bnVsbA=="
        }
      ]
    },
    {
      "module": "module.efs",
      "mode": "managed",
      "type": "aws_efs_file_system",
      "name": "efs-3",
      "provider": "provider[\"registry.terraform.io/hashicorp/aws\"]",
      "instances": [
        {
          "schema_version": 0,
          "attributes": {
            "arn": "arn:aws:elasticfilesystem:us-east-1:368625415100:file-system/fs-0302c4c0f6c5e69ce",
            "availability_zone_id": "",
            "availability_zone_name": "",
            "creation_token": "eks-efs-3",
            "dns_name": "fs-0302c4c0f6c5e69ce.efs.us-east-1.amazonaws.com",
            "encrypted": true,
            "id": "fs-0302c4c0f6c5e69ce",
            "kms_key_id": "arn:aws:kms:us-east-1:368625415100:key/37dbc308-6f8d-45f4-9518-97c677162ce3",
            "lifecycle_policy": [],
            "name": "eks-efs-3",
            "number_of_mount_targets": 0,
            "owner_id": "368625415100",
            "performance_mode": "generalPurpose",
            "provisioned_throughput_in_mibps": 0,
            "size_in_bytes": [
              {
                "value": 6144,
                "value_in_ia": 0,
                "value_in_standard": 6144
              }
            ],
            "tags": {
              "Name": "eks-efs-3"
            },
            "tags_all": {
              "Name": "eks-efs-3"
            },
            "throughput_mode": "bursting"
          },
          "sensitive_attributes": [],
          "private": "bnVsbA=="
        }
      ]
    },
    {
      "module": "module.efs",
      "mode": "managed",
      "type": "aws_efs_mount_target",
      "name": "efs-1-mount",
      "provider": "provider[\"registry.terraform.io/hashicorp/aws\"]",
      "instances": [
        {
          "index_key": 0,
          "schema_version": 0,
          "attributes": {
            "availability_zone_id": "use1-az1",
            "availability_zone_name": "us-east-1a",
            "dns_name": "fs-0b870f87a44595164.efs.us-east-1.amazonaws.com",
            "file_system_arn": "arn:aws:elasticfilesystem:us-east-1:368625415100:file-system/fs-0b870f87a44595164",
            "file_system_id": "fs-0b870f87a44595164",
            "id": "fsmt-08328f873e759e7a8",
            "ip_address": "10.0.1.205",
            "mount_target_dns_name": "us-east-1a.fs-0b870f87a44595164.efs.us-east-1.amazonaws.com",
            "network_interface_id": "eni-098af2f599f0ec844",
            "owner_id": "368625415100",
            "security_groups": [
              "sg-0e4bad5abc77c24ca"
            ],
            "subnet_id": "subnet-06dcedb6e3868fc2b",
            "timeouts": null
          },
          "sensitive_attributes": [],
          "private": "eyJlMmJmYjczMC1lY2FhLTExZTYtOGY4OC0zNDM2M2JjN2M0YzAiOnsiY3JlYXRlIjoxODAwMDAwMDAwMDAwLCJkZWxldGUiOjYwMDAwMDAwMDAwMH19",
          "dependencies": [
            "aws_subnet.subnet-1",
            "aws_subnet.subnet-2",
            "module.efs.aws_efs_file_system.efs-1",
            "module.efs.aws_security_group.my-eks-efs-sg"
          ]
        },
        {
          "index_key": 1,
          "schema_version": 0,
          "attributes": {
            "availability_zone_id": "use1-az2",
            "availability_zone_name": "us-east-1b",
            "dns_name": "fs-0b870f87a44595164.efs.us-east-1.amazonaws.com",
            "file_system_arn": "arn:aws:elasticfilesystem:us-east-1:368625415100:file-system/fs-0b870f87a44595164",
            "file_system_id": "fs-0b870f87a44595164",
            "id": "fsmt-0763830f95516b8e6",
            "ip_address": "10.0.3.32",
            "mount_target_dns_name": "us-east-1b.fs-0b870f87a44595164.efs.us-east-1.amazonaws.com",
            "network_interface_id": "eni-0444f920fc1974c02",
            "owner_id": "368625415100",
            "security_groups": [
              "sg-0e4bad5abc77c24ca"
            ],
            "subnet_id": "subnet-01ff0dd5e493c55fa",
            "timeouts": null
          },
          "sensitive_attributes": [],
          "private": "eyJlMmJmYjczMC1lY2FhLTExZTYtOGY4OC0zNDM2M2JjN2M0YzAiOnsiY3JlYXRlIjoxODAwMDAwMDAwMDAwLCJkZWxldGUiOjYwMDAwMDAwMDAwMH19",
          "dependencies": [
            "aws_subnet.subnet-1",
            "aws_subnet.subnet-2",
            "module.efs.aws_efs_file_system.efs-1",
            "module.efs.aws_security_group.my-eks-efs-sg"
          ]
        }
      ]
    },
    {
      "module": "module.efs",
      "mode": "managed",
      "type": "aws_efs_mount_target",
      "name": "efs-2-mount",
      "provider": "provider[\"registry.terraform.io/hashicorp/aws\"]",
      "instances": [
        {
          "index_key": 0,
          "schema_version": 0,
          "attributes": {
            "availability_zone_id": "use1-az1",
            "availability_zone_name": "us-east-1a",
            "dns_name": "fs-073b250e348f9b134.efs.us-east-1.amazonaws.com",
            "file_system_arn": "arn:aws:elasticfilesystem:us-east-1:368625415100:file-system/fs-073b250e348f9b134",
            "file_system_id": "fs-073b250e348f9b134",
            "id": "fsmt-0a0df71626ab51943",
            "ip_address": "10.0.1.88",
            "mount_target_dns_name": "us-east-1a.fs-073b250e348f9b134.efs.us-east-1.amazonaws.com",
            "network_interface_id": "eni-099d8816224bccbf6",
            "owner_id": "368625415100",
            "security_groups": [
              "sg-0e4bad5abc77c24ca"
            ],
            "subnet_id": "subnet-06dcedb6e3868fc2b",
            "timeouts": null
          },
          "sensitive_attributes": [],
          "private": "eyJlMmJmYjczMC1lY2FhLTExZTYtOGY4OC0zNDM2M2JjN2M0YzAiOnsiY3JlYXRlIjoxODAwMDAwMDAwMDAwLCJkZWxldGUiOjYwMDAwMDAwMDAwMH19",
          "dependencies": [
            "aws_subnet.subnet-1",
            "aws_subnet.subnet-2",
            "module.efs.aws_efs_file_system.efs-2",
            "module.efs.aws_security_group.my-eks-efs-sg"
          ]
        },
        {
          "index_key": 1,
          "schema_version": 0,
          "attributes": {
            "availability_zone_id": "use1-az2",
            "availability_zone_name": "us-east-1b",
            "dns_name": "fs-073b250e348f9b134.efs.us-east-1.amazonaws.com",
            "file_system_arn": "arn:aws:elasticfilesystem:us-east-1:368625415100:file-system/fs-073b250e348f9b134",
            "file_system_id": "fs-073b250e348f9b134",
            "id": "fsmt-05bd31528020f8980",
            "ip_address": "10.0.3.115",
            "mount_target_dns_name": "us-east-1b.fs-073b250e348f9b134.efs.us-east-1.amazonaws.com",
            "network_interface_id": "eni-000c63ed5612d9df7",
            "owner_id": "368625415100",
            "security_groups": [
              "sg-0e4bad5abc77c24ca"
            ],
            "subnet_id": "subnet-01ff0dd5e493c55fa",
            "timeouts": null
          },
          "sensitive_attributes": [],
          "private": "eyJlMmJmYjczMC1lY2FhLTExZTYtOGY4OC0zNDM2M2JjN2M0YzAiOnsiY3JlYXRlIjoxODAwMDAwMDAwMDAwLCJkZWxldGUiOjYwMDAwMDAwMDAwMH19",
          "dependencies": [
            "aws_subnet.subnet-1",
            "aws_subnet.subnet-2",
            "module.efs.aws_efs_file_system.efs-2",
            "module.efs.aws_security_group.my-eks-efs-sg"
          ]
        }
      ]
    },
    {
      "module": "module.efs",
      "mode": "managed",
      "type": "aws_efs_mount_target",
      "name": "efs-3-mount",
      "provider": "provider[\"registry.terraform.io/hashicorp/aws\"]",
      "instances": [
        {
          "index_key": 0,
          "schema_version": 0,
          "attributes": {
            "availability_zone_id": "use1-az1",
            "availability_zone_name": "us-east-1a",
            "dns_name": "fs-0302c4c0f6c5e69ce.efs.us-east-1.amazonaws.com",
            "file_system_arn": "arn:aws:elasticfilesystem:us-east-1:368625415100:file-system/fs-0302c4c0f6c5e69ce",
            "file_system_id": "fs-0302c4c0f6c5e69ce",
            "id": "fsmt-04af11f2d657af9ea",
            "ip_address": "10.0.1.251",
            "mount_target_dns_name": "us-east-1a.fs-0302c4c0f6c5e69ce.efs.us-east-1.amazonaws.com",
            "network_interface_id": "eni-05e242c81cb97d398",
            "owner_id": "368625415100",
            "security_groups": [
              "sg-0e4bad5abc77c24ca"
            ],
            "subnet_id": "subnet-06dcedb6e3868fc2b",
            "timeouts": null
          },
          "sensitive_attributes": [],
          "private": "eyJlMmJmYjczMC1lY2FhLTExZTYtOGY4OC0zNDM2M2JjN2M0YzAiOnsiY3JlYXRlIjoxODAwMDAwMDAwMDAwLCJkZWxldGUiOjYwMDAwMDAwMDAwMH19",
          "dependencies": [
            "aws_subnet.subnet-1",
            "aws_subnet.subnet-2",
            "module.efs.aws_efs_file_system.efs-3",
            "module.efs.aws_security_group.my-eks-efs-sg"
          ]
        },
        {
          "index_key": 1,
          "schema_version": 0,
          "attributes": {
            "availability_zone_id": "use1-az2",
            "availability_zone_name": "us-east-1b",
            "dns_name": "fs-0302c4c0f6c5e69ce.efs.us-east-1.amazonaws.com",
            "file_system_arn": "arn:aws:elasticfilesystem:us-east-1:368625415100:file-system/fs-0302c4c0f6c5e69ce",
            "file_system_id": "fs-0302c4c0f6c5e69ce",
            "id": "fsmt-0a94c2fc7ab2cb5b9",
            "ip_address": "10.0.3.145",
            "mount_target_dns_name": "us-east-1b.fs-0302c4c0f6c5e69ce.efs.us-east-1.amazonaws.com",
            "network_interface_id": "eni-0c6288be38ce84a8c",
            "owner_id": "368625415100",
            "security_groups": [
              "sg-0e4bad5abc77c24ca"
            ],
            "subnet_id": "subnet-01ff0dd5e493c55fa",
            "timeouts": null
          },
          "sensitive_attributes": [],
          "private": "eyJlMmJmYjczMC1lY2FhLTExZTYtOGY4OC0zNDM2M2JjN2M0YzAiOnsiY3JlYXRlIjoxODAwMDAwMDAwMDAwLCJkZWxldGUiOjYwMDAwMDAwMDAwMH19",
          "dependencies": [
            "aws_subnet.subnet-1",
            "aws_subnet.subnet-2",
            "module.efs.aws_efs_file_system.efs-3",
            "module.efs.aws_security_group.my-eks-efs-sg"
          ]
        }
      ]
    },
    {
      "module": "module.efs",
      "mode": "managed",
      "type": "aws_security_group",
      "name": "my-eks-efs-sg",
      "provider": "provider[\"registry.terraform.io/hashicorp/aws\"]",
      "instances": [
        {
          "schema_version": 1,
          "attributes": {
            "arn": "arn:aws:ec2:us-east-1:368625415100:security-group/sg-0e4bad5abc77c24ca",
            "description": "Allow inbound traffic from EKS cluster",
            "egress": [],
            "id": "sg-0e4bad5abc77c24ca",
            "ingress": [
              {
                "cidr_blocks": [
                  "10.0.0.0/16"
                ],
                "description": "Allow inbound NFS traffic from EKS cluster",
                "from_port": 2049,
                "ipv6_cidr_blocks": [],
                "prefix_list_ids": [],
                "protocol": "tcp",
                "security_groups": [],
                "self": false,
                "to_port": 2049
              }
            ],
            "name": "my-eks-efs-sg",
            "name_prefix": "",
            "owner_id": "368625415100",
            "revoke_rules_on_delete": false,
            "tags": {},
            "tags_all": {},
            "timeouts": null,
            "vpc_id": "vpc-007380a502ba4d1b0"
          },
          "sensitive_attributes": [],
          "private": "eyJlMmJmYjczMC1lY2FhLTExZTYtOGY4OC0zNDM2M2JjN2M0YzAiOnsiY3JlYXRlIjo2MDAwMDAwMDAwMDAsImRlbGV0ZSI6OTAwMDAwMDAwMDAwfSwic2NoZW1hX3ZlcnNpb24iOiIxIn0=",
          "dependencies": [
            "aws_vpc.vpc"
          ]
        }
      ]
    },
    {
      "module": "module.eks",
      "mode": "managed",
      "type": "aws_eks_cluster",
      "name": "eks",
      "provider": "provider[\"registry.terraform.io/hashicorp/aws\"]",
      "instances": [
        {
          "schema_version": 0,
          "attributes": {
            "arn": "arn:aws:eks:us-east-1:368625415100:cluster/my-eks",
            "certificate_authority": [
              {
                "data": "LS0tLS1CRUdJTiBDRVJUSUZJQ0FURS0tLS0tCk1JSURCVENDQWUyZ0F3SUJBZ0lJSzlxc0pOZWE0eVl3RFFZSktvWklodmNOQVFFTEJRQXdGVEVUTUJFR0ExVUUKQXhNS2EzVmlaWEp1WlhSbGN6QWVGdzB5TXpFeU1UWXdNakkwTWpkYUZ3MHpNekV5TVRNd01qSTVNamRhTUJVeApFekFSQmdOVkJBTVRDbXQxWW1WeWJtVjBaWE13Z2dFaU1BMEdDU3FHU0liM0RRRUJBUVVBQTRJQkR3QXdnZ0VLCkFvSUJBUUM4NTJkcHByMUQ1VWt1dWJ5NHo1dTVvUzMwY2JxVzBkZmpFaFhWUHR2Q1RoVENHR2M1Z0ZpT1NFOG0KZ0RHVXd6OXErWEQ5V3FZbkdUUXVIcUkvL2RRU0t0bmJaY2R3cWJXMC9BOHdDWlRqdlRTNU5PTGs2SW9IbjlBQgowZGVMOW00KzByVnpoQ3AwMlp1a3ViOWRzRk9WL3pZYzNkWm5FWFIySXlwK0FlUVRUUW84NHd1OU9qdkRtSFhGCnV4WnlDWlg4UExmQjl1djFnL2NRY1VJMm43RjRadU1VQi9WbXl3RTU5NzhZa1dGUTFpVWxRbi9vYTVvQkxPRlEKUFhKYXFvNWlCNXowTUhRWWFyb0ZlN2ZFQ01sVWt2UmxRa1EwK1hodlFCSkVlWFNtWEl0dmNZa1l5NlNZNEdIcApMQ0ZtakxCd21VSEE4QnhpR1FlUEpyK3VWNHN4QWdNQkFBR2pXVEJYTUE0R0ExVWREd0VCL3dRRUF3SUNwREFQCkJnTlZIUk1CQWY4RUJUQURBUUgvTUIwR0ExVWREZ1FXQkJUSDMrY2UyekhVeERxMTBMczF0TGhQNldIZGN6QVYKQmdOVkhSRUVEakFNZ2dwcmRXSmxjbTVsZEdWek1BMEdDU3FHU0liM0RRRUJDd1VBQTRJQkFRQUUvWGlqb3lUYgpEZXY2eXY1SEt4M3RZUGltY1F6c3RpOVJPWC8wa201ZVAwMk5pNlFEM2YyZmRiWjlmQ0hLNmZIWmRodXROeUswCngwbTFGMHVaK3NhcENWZDZXbU51V3FTS1N1VGxGVy82YU5hdVd3SXVqT1JPQys4NWRjTmJXc1AzaWVWRjRhd0sKRlZ4T1RxcldFV2E1RHByZjd1NldHQzJ3WWlocDZTMlRHdFlYTW5MMU9YN3IwcUQ4clp5UkxvdksvMUNLaXZwego5amM4eVZxNm41WTg4TFlkeDBHUVplVU5LZ201NEF0Y1VnQU5KK1M4aStzS0lHZC9jY2xPV1dnalhJbTVCWEJuCnY5a0dNcFdSS2JOSG5sQkhmVDlyTmVVcXdUbGx3dkg3SWx2RWdabVQ2Mk9HcDBoZXgvVGx0OXRZcmFEZWpWRnEKbUVLbHNNWWhab1VVCi0tLS0tRU5EIENFUlRJRklDQVRFLS0tLS0K"
              }
            ],
            "cluster_id": null,
            "created_at": "2023-12-16 02:23:51.713 +0000 UTC",
            "enabled_cluster_log_types": [],
            "encryption_config": [],
            "endpoint": "https://D59200D490DEE2638400080C27C6E425.gr7.us-east-1.eks.amazonaws.com",
            "id": "my-eks",
            "identity": [
              {
                "oidc": [
                  {
                    "issuer": "https://oidc.eks.us-east-1.amazonaws.com/id/D59200D490DEE2638400080C27C6E425"
                  }
                ]
              }
            ],
            "kubernetes_network_config": [
              {
                "ip_family": "ipv4",
                "service_ipv4_cidr": "172.20.0.0/16",
                "service_ipv6_cidr": ""
              }
            ],
            "name": "my-eks",
            "outpost_config": [],
            "platform_version": "eks.6",
            "role_arn": "arn:aws:iam::368625415100:role/ed-eks-master",
            "status": "ACTIVE",
            "tags": {},
            "tags_all": {},
            "timeouts": null,
            "version": "1.28",
            "vpc_config": [
              {
                "cluster_security_group_id": "sg-078c8d4e45607d2cf",
                "endpoint_private_access": false,
                "endpoint_public_access": true,
                "public_access_cidrs": [
                  "0.0.0.0/0"
                ],
                "security_group_ids": [],
                "subnet_ids": [
                  "subnet-01ff0dd5e493c55fa",
                  "subnet-06dcedb6e3868fc2b"
                ],
                "vpc_id": "vpc-007380a502ba4d1b0"
              }
            ]
          },
          "sensitive_attributes": [],
          "private": "eyJlMmJmYjczMC1lY2FhLTExZTYtOGY4OC0zNDM2M2JjN2M0YzAiOnsiY3JlYXRlIjoxODAwMDAwMDAwMDAwLCJkZWxldGUiOjkwMDAwMDAwMDAwMCwidXBkYXRlIjozNjAwMDAwMDAwMDAwfX0=",
          "dependencies": [
            "aws_subnet.subnet-1",
            "aws_subnet.subnet-2",
            "aws_vpc.vpc",
            "module.eks.aws_iam_role.master",
            "module.eks.aws_iam_role_policy_attachment.AmazonEKSClusterPolicy",
            "module.eks.aws_iam_role_policy_attachment.AmazonEKSServicePolicy",
            "module.eks.aws_iam_role_policy_attachment.AmazonEKSVPCResourceController"
          ]
        }
      ]
    },
    {
      "module": "module.eks",
      "mode": "managed",
      "type": "aws_eks_node_group",
      "name": "backend",
      "provider": "provider[\"registry.terraform.io/hashicorp/aws\"]",
      "instances": [
        {
          "schema_version": 0,
          "attributes": {
            "ami_type": "AL2_x86_64",
            "arn": "arn:aws:eks:us-east-1:368625415100:nodegroup/my-eks/dev/0cc638dd-b618-7ddd-e4b4-8aceaa7b39bb",
            "capacity_type": "ON_DEMAND",
            "cluster_name": "my-eks",
            "disk_size": 20,
            "force_update_version": null,
            "id": "my-eks:dev",
            "instance_types": [
              "m5.large"
            ],
            "labels": {
              "env": "dev"
            },
            "launch_template": [],
            "node_group_name": "dev",
            "node_group_name_prefix": "",
            "node_role_arn": "arn:aws:iam::368625415100:role/ed-eks-worker",
            "release_version": "1.28.3-20231201",
            "remote_access": [
              {
                "ec2_ssh_key": "ec2-key",
                "source_security_group_ids": [
                  "sg-08dd9199a22d07973"
                ]
              }
            ],
            "resources": [
              {
                "autoscaling_groups": [
                  {
                    "name": "eks-dev-0cc638dd-b618-7ddd-e4b4-8aceaa7b39bb"
                  }
                ],
                "remote_access_security_group_id": "sg-03411f7a41a6f4311"
              }
            ],
            "scaling_config": [
              {
                "desired_size": 2,
                "max_size": 3,
                "min_size": 1
              }
            ],
            "status": "ACTIVE",
            "subnet_ids": [
              "subnet-01ff0dd5e493c55fa",
              "subnet-06dcedb6e3868fc2b"
            ],
            "tags": null,
            "tags_all": {},
            "taint": [],
            "timeouts": null,
            "update_config": [
              {
                "max_unavailable": 1,
                "max_unavailable_percentage": 0
              }
            ],
            "version": "1.28"
          },
          "sensitive_attributes": [],
          "private": "eyJlMmJmYjczMC1lY2FhLTExZTYtOGY4OC0zNDM2M2JjN2M0YzAiOnsiY3JlYXRlIjozNjAwMDAwMDAwMDAwLCJkZWxldGUiOjM2MDAwMDAwMDAwMDAsInVwZGF0ZSI6MzYwMDAwMDAwMDAwMH19",
          "dependencies": [
            "aws_subnet.subnet-1",
            "aws_subnet.subnet-2",
            "aws_vpc.vpc",
            "module.eks.aws_eks_cluster.eks",
            "module.eks.aws_iam_role.worker",
            "module.eks.aws_iam_role_policy_attachment.AmazonEC2ContainerRegistryReadOnly",
            "module.eks.aws_iam_role_policy_attachment.AmazonEKSWorkerNodePolicy",
            "module.eks.aws_iam_role_policy_attachment.AmazonEKS_CNI_Policy",
            "module.security-groups.aws_security_group.worker_node_sg"
          ]
        }
      ]
    },
    {
      "module": "module.eks",
      "mode": "managed",
      "type": "aws_iam_instance_profile",
      "name": "worker",
      "provider": "provider[\"registry.terraform.io/hashicorp/aws\"]",
      "instances": [
        {
          "schema_version": 0,
          "attributes": {
            "arn": "arn:aws:iam::368625415100:instance-profile/ed-eks-worker-new-profile",
            "create_date": "2023-12-16T02:23:33Z",
            "id": "ed-eks-worker-new-profile",
            "name": "ed-eks-worker-new-profile",
            "name_prefix": "",
            "path": "/",
            "role": "ed-eks-worker",
            "tags": {},
            "tags_all": {},
            "unique_id": "AIPAVLU6JOO6DQSO44KVJ"
          },
          "sensitive_attributes": [],
          "private": "bnVsbA==",
          "dependencies": [
            "module.eks.aws_iam_role.worker"
          ]
        }
      ]
    },
    {
      "module": "module.eks",
      "mode": "managed",
      "type": "aws_iam_policy",
      "name": "autoscaler",
      "provider": "provider[\"registry.terraform.io/hashicorp/aws\"]",
      "instances": [
        {
          "schema_version": 0,
          "attributes": {
            "arn": "arn:aws:iam::368625415100:policy/ed-eks-autoscaler-policy",
            "description": "",
            "id": "arn:aws:iam::368625415100:policy/ed-eks-autoscaler-policy",
            "name": "ed-eks-autoscaler-policy",
            "name_prefix": "",
            "path": "/",
            "policy": "{\"Statement\":[{\"Action\":[\"autoscaling:DescribeAutoScalingGroups\",\"autoscaling:DescribeAutoScalingInstances\",\"autoscaling:DescribeTags\",\"autoscaling:DescribeLaunchConfigurations\",\"autoscaling:SetDesiredCapacity\",\"autoscaling:TerminateInstanceInAutoScalingGroup\",\"ec2:DescribeLaunchTemplateVersions\"],\"Effect\":\"Allow\",\"Resource\":\"*\"}],\"Version\":\"2012-10-17\"}",
            "policy_id": "ANPAVLU6JOO6PMRMDB65A",
            "tags": {},
            "tags_all": {}
          },
          "sensitive_attributes": [],
          "private": "bnVsbA=="
        }
      ]
    },
    {
      "module": "module.eks",
      "mode": "managed",
      "type": "aws_iam_policy",
      "name": "efs_policy",
      "provider": "provider[\"registry.terraform.io/hashicorp/aws\"]",
      "instances": [
        {
          "schema_version": 0,
          "attributes": {
            "arn": "arn:aws:iam::368625415100:policy/EFSWorkerNodePolicy",
            "description": "Policy for EFS Worker Nodes",
            "id": "arn:aws:iam::368625415100:policy/EFSWorkerNodePolicy",
            "name": "EFSWorkerNodePolicy",
            "name_prefix": "",
            "path": "/",
            "policy": "{\"Statement\":[{\"Action\":[\"elasticfilesystem:DescribeAccessPoints\",\"elasticfilesystem:DescribeFileSystems\",\"elasticfilesystem:DescribeMountTargets\",\"ec2:DescribeAvailabilityZones\"],\"Effect\":\"Allow\",\"Resource\":\"*\",\"Sid\":\"AllowDescribe\"},{\"Action\":[\"elasticfilesystem:CreateAccessPoint\"],\"Condition\":{\"ForAllValues:StringEquals\":{\"aws:TagKeys\":\"efs.csi.aws.com/cluster\"},\"Null\":{\"aws:RequestTag/efs.csi.aws.com/cluster\":\"false\"}},\"Effect\":\"Allow\",\"Resource\":\"*\",\"Sid\":\"AllowCreateAccessPoint\"},{\"Action\":[\"elasticfilesystem:TagResource\"],\"Condition\":{\"ForAllValues:StringEquals\":{\"aws:TagKeys\":\"efs.csi.aws.com/cluster\"},\"Null\":{\"aws:RequestTag/efs.csi.aws.com/cluster\":\"false\"},\"StringEquals\":{\"elasticfilesystem:CreateAction\":\"CreateAccessPoint\"}},\"Effect\":\"Allow\",\"Resource\":\"*\",\"Sid\":\"AllowTagNewAccessPoints\"},{\"Action\":\"elasticfilesystem:DeleteAccessPoint\",\"Condition\":{\"Null\":{\"aws:ResourceTag/efs.csi.aws.com/cluster\":\"false\"}},\"Effect\":\"Allow\",\"Resource\":\"*\",\"Sid\":\"AllowDeleteAccessPoint\"}],\"Version\":\"2012-10-17\"}",
            "policy_id": "ANPAVLU6JOO6D7TT2CZSK",
            "tags": {},
            "tags_all": {}
          },
          "sensitive_attributes": [],
          "private": "bnVsbA=="
        }
      ]
    },
    {
      "module": "module.eks",
      "mode": "managed",
      "type": "aws_iam_role",
      "name": "master",
      "provider": "provider[\"registry.terraform.io/hashicorp/aws\"]",
      "instances": [
        {
          "schema_version": 0,
          "attributes": {
            "arn": "arn:aws:iam::368625415100:role/ed-eks-master",
            "assume_role_policy": "{\"Statement\":[{\"Action\":\"sts:AssumeRole\",\"Effect\":\"Allow\",\"Principal\":{\"Service\":\"eks.amazonaws.com\"}}],\"Version\":\"2012-10-17\"}",
            "create_date": "2023-12-16T02:23:31Z",
            "description": "",
            "force_detach_policies": false,
            "id": "ed-eks-master",
            "inline_policy": [],
            "managed_policy_arns": [
              "arn:aws:iam::aws:policy/AmazonEKSClusterPolicy",
              "arn:aws:iam::aws:policy/AmazonEKSServicePolicy",
              "arn:aws:iam::aws:policy/AmazonEKSVPCResourceController"
            ],
            "max_session_duration": 3600,
            "name": "ed-eks-master",
            "name_prefix": "",
            "path": "/",
            "permissions_boundary": "",
            "tags": {},
            "tags_all": {},
            "unique_id": "AROAVLU6JOO6KHXQ2KX6P"
          },
          "sensitive_attributes": [],
          "private": "bnVsbA=="
        }
      ]
    },
    {
      "module": "module.eks",
      "mode": "managed",
      "type": "aws_iam_role",
      "name": "worker",
      "provider": "provider[\"registry.terraform.io/hashicorp/aws\"]",
      "instances": [
        {
          "schema_version": 0,
          "attributes": {
            "arn": "arn:aws:iam::368625415100:role/ed-eks-worker",
            "assume_role_policy": "{\"Statement\":[{\"Action\":\"sts:AssumeRole\",\"Effect\":\"Allow\",\"Principal\":{\"Service\":\"ec2.amazonaws.com\"}}],\"Version\":\"2012-10-17\"}",
            "create_date": "2023-12-16T02:23:31Z",
            "description": "",
            "force_detach_policies": false,
            "id": "ed-eks-worker",
            "inline_policy": [],
            "managed_policy_arns": [
              "arn:aws:iam::368625415100:policy/EFSWorkerNodePolicy",
              "arn:aws:iam::368625415100:policy/ed-eks-autoscaler-policy",
              "arn:aws:iam::aws:policy/AWSXRayDaemonWriteAccess",
              "arn:aws:iam::aws:policy/AmazonEC2ContainerRegistryReadOnly",
              "arn:aws:iam::aws:policy/AmazonEKSWorkerNodePolicy",
              "arn:aws:iam::aws:policy/AmazonEKS_CNI_Policy",
              "arn:aws:iam::aws:policy/AmazonS3ReadOnlyAccess",
              "arn:aws:iam::aws:policy/AmazonSSMManagedInstanceCore"
            ],
            "max_session_duration": 3600,
            "name": "ed-eks-worker",
            "name_prefix": "",
            "path": "/",
            "permissions_boundary": "",
            "tags": {},
            "tags_all": {},
            "unique_id": "AROAVLU6JOO6FXVCCVCE3"
          },
          "sensitive_attributes": [],
          "private": "bnVsbA=="
        }
      ]
    },
    {
      "module": "module.eks",
      "mode": "managed",
      "type": "aws_iam_role_policy_attachment",
      "name": "AmazonEC2ContainerRegistryReadOnly",
      "provider": "provider[\"registry.terraform.io/hashicorp/aws\"]",
      "instances": [
        {
          "schema_version": 0,
          "attributes": {
            "id": "ed-eks-worker-2023121602233337760000000a",
            "policy_arn": "arn:aws:iam::aws:policy/AmazonEC2ContainerRegistryReadOnly",
            "role": "ed-eks-worker"
          },
          "sensitive_attributes": [],
          "private": "bnVsbA==",
          "dependencies": [
            "module.eks.aws_iam_role.worker"
          ]
        }
      ]
    },
    {
      "module": "module.eks",
      "mode": "managed",
      "type": "aws_iam_role_policy_attachment",
      "name": "AmazonEKSClusterPolicy",
      "provider": "provider[\"registry.terraform.io/hashicorp/aws\"]",
      "instances": [
        {
          "schema_version": 0,
          "attributes": {
            "id": "ed-eks-master-20231216022332683600000002",
            "policy_arn": "arn:aws:iam::aws:policy/AmazonEKSClusterPolicy",
            "role": "ed-eks-master"
          },
          "sensitive_attributes": [],
          "private": "bnVsbA==",
          "dependencies": [
            "module.eks.aws_iam_role.master"
          ]
        }
      ]
    },
    {
      "module": "module.eks",
      "mode": "managed",
      "type": "aws_iam_role_policy_attachment",
      "name": "AmazonEKSServicePolicy",
      "provider": "provider[\"registry.terraform.io/hashicorp/aws\"]",
      "instances": [
        {
          "schema_version": 0,
          "attributes": {
            "id": "ed-eks-master-20231216022332688500000003",
            "policy_arn": "arn:aws:iam::aws:policy/AmazonEKSServicePolicy",
            "role": "ed-eks-master"
          },
          "sensitive_attributes": [],
          "private": "bnVsbA==",
          "dependencies": [
            "module.eks.aws_iam_role.master"
          ]
        }
      ]
    },
    {
      "module": "module.eks",
      "mode": "managed",
      "type": "aws_iam_role_policy_attachment",
      "name": "AmazonEKSVPCResourceController",
      "provider": "provider[\"registry.terraform.io/hashicorp/aws\"]",
      "instances": [
        {
          "schema_version": 0,
          "attributes": {
            "id": "ed-eks-master-20231216022332672700000001",
            "policy_arn": "arn:aws:iam::aws:policy/AmazonEKSVPCResourceController",
            "role": "ed-eks-master"
          },
          "sensitive_attributes": [],
          "private": "bnVsbA==",
          "dependencies": [
            "module.eks.aws_iam_role.master"
          ]
        }
      ]
    },
    {
      "module": "module.eks",
      "mode": "managed",
      "type": "aws_iam_role_policy_attachment",
      "name": "AmazonEKSWorkerNodePolicy",
      "provider": "provider[\"registry.terraform.io/hashicorp/aws\"]",
      "instances": [
        {
          "schema_version": 0,
          "attributes": {
            "id": "ed-eks-worker-2023121602233342910000000b",
            "policy_arn": "arn:aws:iam::aws:policy/AmazonEKSWorkerNodePolicy",
            "role": "ed-eks-worker"
          },
          "sensitive_attributes": [],
          "private": "bnVsbA==",
          "dependencies": [
            "module.eks.aws_iam_role.worker"
          ]
        }
      ]
    },
    {
      "module": "module.eks",
      "mode": "managed",
      "type": "aws_iam_role_policy_attachment",
      "name": "AmazonEKS_CNI_Policy",
      "provider": "provider[\"registry.terraform.io/hashicorp/aws\"]",
      "instances": [
        {
          "schema_version": 0,
          "attributes": {
            "id": "ed-eks-worker-20231216022332794500000005",
            "policy_arn": "arn:aws:iam::aws:policy/AmazonEKS_CNI_Policy",
            "role": "ed-eks-worker"
          },
          "sensitive_attributes": [],
          "private": "bnVsbA==",
          "dependencies": [
            "module.eks.aws_iam_role.worker"
          ]
        }
      ]
    },
    {
      "module": "module.eks",
      "mode": "managed",
      "type": "aws_iam_role_policy_attachment",
      "name": "AmazonSSMManagedInstanceCore",
      "provider": "provider[\"registry.terraform.io/hashicorp/aws\"]",
      "instances": [
        {
          "schema_version": 0,
          "attributes": {
            "id": "ed-eks-worker-20231216022333291200000008",
            "policy_arn": "arn:aws:iam::aws:policy/AmazonSSMManagedInstanceCore",
            "role": "ed-eks-worker"
          },
          "sensitive_attributes": [],
          "private": "bnVsbA==",
          "dependencies": [
            "module.eks.aws_iam_role.worker"
          ]
        }
      ]
    },
    {
      "module": "module.eks",
      "mode": "managed",
      "type": "aws_iam_role_policy_attachment",
      "name": "autoscaler",
      "provider": "provider[\"registry.terraform.io/hashicorp/aws\"]",
      "instances": [
        {
          "schema_version": 0,
          "attributes": {
            "id": "ed-eks-worker-20231216022332770400000004",
            "policy_arn": "arn:aws:iam::368625415100:policy/ed-eks-autoscaler-policy",
            "role": "ed-eks-worker"
          },
          "sensitive_attributes": [],
          "private": "bnVsbA==",
          "dependencies": [
            "module.eks.aws_iam_policy.autoscaler",
            "module.eks.aws_iam_role.worker"
          ]
        }
      ]
    },
    {
      "module": "module.eks",
      "mode": "managed",
      "type": "aws_iam_role_policy_attachment",
      "name": "efs_attachment",
      "provider": "provider[\"registry.terraform.io/hashicorp/aws\"]",
      "instances": [
        {
          "schema_version": 0,
          "attributes": {
            "id": "ed-eks-worker-20231216022333250000000007",
            "policy_arn": "arn:aws:iam::368625415100:policy/EFSWorkerNodePolicy",
            "role": "ed-eks-worker"
          },
          "sensitive_attributes": [],
          "private": "bnVsbA==",
          "dependencies": [
            "module.eks.aws_iam_policy.efs_policy",
            "module.eks.aws_iam_role.worker"
          ]
        }
      ]
    },
    {
      "module": "module.eks",
      "mode": "managed",
      "type": "aws_iam_role_policy_attachment",
      "name": "s3",
      "provider": "provider[\"registry.terraform.io/hashicorp/aws\"]",
      "instances": [
        {
          "schema_version": 0,
          "attributes": {
            "id": "ed-eks-worker-20231216022333357200000009",
            "policy_arn": "arn:aws:iam::aws:policy/AmazonS3ReadOnlyAccess",
            "role": "ed-eks-worker"
          },
          "sensitive_attributes": [],
          "private": "bnVsbA==",
          "dependencies": [
            "module.eks.aws_iam_role.worker"
          ]
        }
      ]
    },
    {
      "module": "module.eks",
      "mode": "managed",
      "type": "aws_iam_role_policy_attachment",
      "name": "x-ray",
      "provider": "provider[\"registry.terraform.io/hashicorp/aws\"]",
      "instances": [
        {
          "schema_version": 0,
          "attributes": {
            "id": "ed-eks-worker-20231216022332851200000006",
            "policy_arn": "arn:aws:iam::aws:policy/AWSXRayDaemonWriteAccess",
            "role": "ed-eks-worker"
          },
          "sensitive_attributes": [],
          "private": "bnVsbA==",
          "dependencies": [
            "module.eks.aws_iam_role.worker"
          ]
        }
      ]
    },
    {
      "module": "module.secret_manager",
      "mode": "managed",
      "type": "aws_secretsmanager_secret",
      "name": "my-eks-secret",
      "provider": "provider[\"registry.terraform.io/hashicorp/aws\"]",
      "instances": [
        {
          "schema_version": 0,
          "attributes": {
            "arn": "arn:aws:secretsmanager:us-east-1:368625415100:secret:my-eks-secret-cW0AcX",
            "description": "",
            "force_overwrite_replica_secret": false,
            "id": "arn:aws:secretsmanager:us-east-1:368625415100:secret:my-eks-secret-cW0AcX",
            "kms_key_id": "",
            "name": "my-eks-secret",
            "name_prefix": "",
            "policy": "",
            "recovery_window_in_days": 30,
            "replica": [],
            "tags": {},
            "tags_all": {}
          },
          "sensitive_attributes": [],
          "private": "bnVsbA=="
        }
      ]
    },
    {
      "module": "module.secret_manager",
      "mode": "managed",
      "type": "aws_secretsmanager_secret_version",
      "name": "my-eks-secret-version",
      "provider": "provider[\"registry.terraform.io/hashicorp/aws\"]",
      "instances": [
        {
          "schema_version": 0,
          "attributes": {
            "arn": "arn:aws:secretsmanager:us-east-1:368625415100:secret:my-eks-secret-cW0AcX",
            "id": "arn:aws:secretsmanager:us-east-1:368625415100:secret:my-eks-secret-cW0AcX|677E8FA5-33CC-4E6A-A5B8-56389621F951",
            "secret_binary": "",
            "secret_id": "arn:aws:secretsmanager:us-east-1:368625415100:secret:my-eks-secret-cW0AcX",
            "secret_string": "{\"EMAIL_PASSWORD\":\"hyxljjrhdndlhkkg\",\"EMAIL_USERNAME\":\"avesairbooking@gmail.com\",\"JWT_SECRET\":\"avesair123432\",\"MONGO_URL\":\"mongodb://mongodb-0.mongodb-service.default.svc.cluster.local:27017,mongodb-1.mongodb-service.default.svc.cluster.local:27017,mongodb-2.mongodb-service.default.svc.cluster.local:27017/?replicaSet=rs0\",\"SLACK_URL\":\"https://hooks.slack.com/services/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\"}",
            "version_id": "677E8FA5-33CC-4E6A-A5B8-56389621F951",
            "version_stages": [
              "AWSCURRENT"
            ]
          },
          "sensitive_attributes": [],
          "private": "bnVsbA==",
          "dependencies": [
            "module.secret_manager.aws_secretsmanager_secret.my-eks-secret"
          ]
        }
      ]
    },
    {
      "module": "module.security-groups",
      "mode": "managed",
      "type": "aws_security_group",
      "name": "worker_node_sg",
      "provider": "provider[\"registry.terraform.io/hashicorp/aws\"]",
      "instances": [
        {
          "schema_version": 1,
          "attributes": {
            "arn": "arn:aws:ec2:us-east-1:368625415100:security-group/sg-08dd9199a22d07973",
            "description": "Allow ssh inbound traffic",
            "egress": [
              {
                "cidr_blocks": [
                  "0.0.0.0/0"
                ],
                "description": "",
                "from_port": 0,
                "ipv6_cidr_blocks": [],
                "prefix_list_ids": [],
                "protocol": "-1",
                "security_groups": [],
                "self": false,
                "to_port": 0
              }
            ],
            "id": "sg-08dd9199a22d07973",
            "ingress": [
              {
                "cidr_blocks": [
                  "0.0.0.0/0"
                ],
                "description": "ssh access to public",
                "from_port": 22,
                "ipv6_cidr_blocks": [],
                "prefix_list_ids": [],
                "protocol": "tcp",
                "security_groups": [],
                "self": false,
                "to_port": 22
              },
              {
                "cidr_blocks": [
                  "10.0.0.0/16"
                ],
                "description": "Allow Prometheus inbound traffic",
                "from_port": 30910,
                "ipv6_cidr_blocks": [],
                "prefix_list_ids": [],
                "protocol": "tcp",
                "security_groups": [],
                "self": false,
                "to_port": 30910
              }
            ],
            "name": "eks-test",
            "name_prefix": "",
            "owner_id": "368625415100",
            "revoke_rules_on_delete": false,
            "tags": {},
            "tags_all": {},
            "timeouts": null,
            "vpc_id": "vpc-007380a502ba4d1b0"
          },
          "sensitive_attributes": [],
          "private": "eyJlMmJmYjczMC1lY2FhLTExZTYtOGY4OC0zNDM2M2JjN2M0YzAiOnsiY3JlYXRlIjo2MDAwMDAwMDAwMDAsImRlbGV0ZSI6OTAwMDAwMDAwMDAwfSwic2NoZW1hX3ZlcnNpb24iOiIxIn0=",
          "dependencies": [
            "aws_vpc.vpc"
          ]
        }
      ]
    }
  ],
  "check_results": null
}
